
Microsoft Visual Studio Solution File, Format Version 12.00
# Visual Studio Version 17
VisualStudioVersion = 17.12.35707.178
MinimumVisualStudioVersion = 10.0.40219.1
Project("{FAE04EC0-301F-11D3-BF4B-00C04F79EFBC}") = "AirQualityApp.Server", "AirQualityApp.Server\AirQualityApp.Server.csproj", "{65F1A0E6-1B69-4367-8C59-D57D8A954D1B}"
EndProject
Project("{FAE04EC0-301F-11D3-BF4B-00C04F79EFBC}") = "AirQualityApp.Shared", "AirQualityApp.Shared\AirQualityApp.Shared.csproj", "{4918B41A-8223-44CA-AFF5-112AA3D8E431}"
EndProject
Project("{FAE04EC0-301F-11D3-BF4B-00C04F79EFBC}") = "AirQualityApp.Api", "AirQualityApp.Api\AirQualityApp.Api.csproj", "{F91745E7-BA1F-4F44-A027-1CB33459F993}"
EndProject
Project("{FAE04EC0-301F-11D3-BF4B-00C04F79EFBC}") = "AirQualityApp.Api.Demo", "AirQualityApp.Api.Demo\AirQualityApp.Api.Demo.csproj", "{1CE53222-CD33-4DEB-A336-F6C8B6500482}"
EndProject
Project("{2150E333-8FDC-42A3-9474-1A3956D46DE8}") = "Client", "Client", "{B1E9751C-A6A2-48B4-A5F1-6327F08D6D67}"
EndProject
Project("{2150E333-8FDC-42A3-9474-1A3956D46DE8}") = "Server", "Server", "{430C221E-E510-454E-AF12-CA1F3B6F6620}"
EndProject
Project("{2150E333-8FDC-42A3-9474-1A3956D46DE8}") = "SDK", "SDK", "{3BC0BD47-45D5-4E53-977B-81FF8F316916}"
EndProject
Project("{FAE04EC0-301F-11D3-BF4B-00C04F79EFBC}") = "AirQualityApp.WinUI", "AirQualityApp.WinUI\AirQualityApp.WinUI.csproj", "{5F995D21-F8E6-430B-8738-CC4E2AF8577E}"
EndProject
Project("{C7167F0D-BC9F-4E6E-AFE1-012C56B48DB5}") = "AirQualityApp.WinUI.Packaging", "AirQualityApp.WinUI.Packaging\AirQualityApp.WinUI.Packaging.wapproj", "{71E6D4B8-27B6-49FB-B2D5-3AE682E69ECC}"
EndProject
Global
	GlobalSection(SolutionConfigurationPlatforms) = preSolution
		Debug|Any CPU = Debug|Any CPU
		Debug|ARM = Debug|ARM
		Debug|ARM64 = Debug|ARM64
		Debug|x64 = Debug|x64
		Debug|x86 = Debug|x86
		Release|Any CPU = Release|Any CPU
		Release|ARM = Release|ARM
		Release|ARM64 = Release|ARM64
		Release|x64 = Release|x64
		Release|x86 = Release|x86
	EndGlobalSection
	GlobalSection(ProjectConfigurationPlatforms) = postSolution
		{65F1A0E6-1B69-4367-8C59-D57D8A954D1B}.Debug|Any CPU.ActiveCfg = Debug|Any CPU
		{65F1A0E6-1B69-4367-8C59-D57D8A954D1B}.Debug|Any CPU.Build.0 = Debug|Any CPU
		{65F1A0E6-1B69-4367-8C59-D57D8A954D1B}.Debug|ARM.ActiveCfg = Debug|Any CPU
		{65F1A0E6-1B69-4367-8C59-D57D8A954D1B}.Debug|ARM.Build.0 = Debug|Any CPU
		{65F1A0E6-1B69-4367-8C59-D57D8A954D1B}.Debug|ARM64.ActiveCfg = Debug|Any CPU
		{65F1A0E6-1B69-4367-8C59-D57D8A954D1B}.Debug|ARM64.Build.0 = Debug|Any CPU
		{65F1A0E6-1B69-4367-8C59-D57D8A954D1B}.Debug|x64.ActiveCfg = Debug|Any CPU
		{65F1A0E6-1B69-4367-8C59-D57D8A954D1B}.Debug|x64.Build.0 = Debug|Any CPU
		{65F1A0E6-1B69-4367-8C59-D57D8A954D1B}.Debug|x86.ActiveCfg = Debug|Any CPU
		{65F1A0E6-1B69-4367-8C59-D57D8A954D1B}.Debug|x86.Build.0 = Debug|Any CPU
		{65F1A0E6-1B69-4367-8C59-D57D8A954D1B}.Release|Any CPU.ActiveCfg = Release|Any CPU
		{65F1A0E6-1B69-4367-8C59-D57D8A954D1B}.Release|Any CPU.Build.0 = Release|Any CPU
		{65F1A0E6-1B69-4367-8C59-D57D8A954D1B}.Release|ARM.ActiveCfg = Release|Any CPU
		{65F1A0E6-1B69-4367-8C59-D57D8A954D1B}.Release|ARM.Build.0 = Release|Any CPU
		{65F1A0E6-1B69-4367-8C59-D57D8A954D1B}.Release|ARM64.ActiveCfg = Release|Any CPU
		{65F1A0E6-1B69-4367-8C59-D57D8A954D1B}.Release|ARM64.Build.0 = Release|Any CPU
		{65F1A0E6-1B69-4367-8C59-D57D8A954D1B}.Release|x64.ActiveCfg = Release|Any CPU
		{65F1A0E6-1B69-4367-8C59-D57D8A954D1B}.Release|x64.Build.0 = Release|Any CPU
		{65F1A0E6-1B69-4367-8C59-D57D8A954D1B}.Release|x86.ActiveCfg = Release|Any CPU
		{65F1A0E6-1B69-4367-8C59-D57D8A954D1B}.Release|x86.Build.0 = Release|Any CPU
		{4918B41A-8223-44CA-AFF5-112AA3D8E431}.Debug|Any CPU.ActiveCfg = Debug|Any CPU
		{4918B41A-8223-44CA-AFF5-112AA3D8E431}.Debug|Any CPU.Build.0 = Debug|Any CPU
		{4918B41A-8223-44CA-AFF5-112AA3D8E431}.Debug|ARM.ActiveCfg = Debug|Any CPU
		{4918B41A-8223-44CA-AFF5-112AA3D8E431}.Debug|ARM.Build.0 = Debug|Any CPU
		{4918B41A-8223-44CA-AFF5-112AA3D8E431}.Debug|ARM64.ActiveCfg = Debug|Any CPU
		{4918B41A-8223-44CA-AFF5-112AA3D8E431}.Debug|ARM64.Build.0 = Debug|Any CPU
		{4918B41A-8223-44CA-AFF5-112AA3D8E431}.Debug|x64.ActiveCfg = Debug|Any CPU
		{4918B41A-8223-44CA-AFF5-112AA3D8E431}.Debug|x64.Build.0 = Debug|Any CPU
		{4918B41A-8223-44CA-AFF5-112AA3D8E431}.Debug|x86.ActiveCfg = Debug|Any CPU
		{4918B41A-8223-44CA-AFF5-112AA3D8E431}.Debug|x86.Build.0 = Debug|Any CPU
		{4918B41A-8223-44CA-AFF5-112AA3D8E431}.Release|Any CPU.ActiveCfg = Release|Any CPU
		{4918B41A-8223-44CA-AFF5-112AA3D8E431}.Release|Any CPU.Build.0 = Release|Any CPU
		{4918B41A-8223-44CA-AFF5-112AA3D8E431}.Release|ARM.ActiveCfg = Release|Any CPU
		{4918B41A-8223-44CA-AFF5-112AA3D8E431}.Release|ARM.Build.0 = Release|Any CPU
		{4918B41A-8223-44CA-AFF5-112AA3D8E431}.Release|ARM64.ActiveCfg = Release|Any CPU
		{4918B41A-8223-44CA-AFF5-112AA3D8E431}.Release|ARM64.Build.0 = Release|Any CPU
		{4918B41A-8223-44CA-AFF5-112AA3D8E431}.Release|x64.ActiveCfg = Release|Any CPU
		{4918B41A-8223-44CA-AFF5-112AA3D8E431}.Release|x64.Build.0 = Release|Any CPU
		{4918B41A-8223-44CA-AFF5-112AA3D8E431}.Release|x86.ActiveCfg = Release|Any CPU
		{4918B41A-8223-44CA-AFF5-112AA3D8E431}.Release|x86.Build.0 = Release|Any CPU
		{F91745E7-BA1F-4F44-A027-1CB33459F993}.Debug|Any CPU.ActiveCfg = Debug|Any CPU
		{F91745E7-BA1F-4F44-A027-1CB33459F993}.Debug|Any CPU.Build.0 = Debug|Any CPU
		{F91745E7-BA1F-4F44-A027-1CB33459F993}.Debug|ARM.ActiveCfg = Debug|Any CPU
		{F91745E7-BA1F-4F44-A027-1CB33459F993}.Debug|ARM.Build.0 = Debug|Any CPU
		{F91745E7-BA1F-4F44-A027-1CB33459F993}.Debug|ARM64.ActiveCfg = Debug|Any CPU
		{F91745E7-BA1F-4F44-A027-1CB33459F993}.Debug|ARM64.Build.0 = Debug|Any CPU
		{F91745E7-BA1F-4F44-A027-1CB33459F993}.Debug|x64.ActiveCfg = Debug|Any CPU
		{F91745E7-BA1F-4F44-A027-1CB33459F993}.Debug|x64.Build.0 = Debug|Any CPU
		{F91745E7-BA1F-4F44-A027-1CB33459F993}.Debug|x86.ActiveCfg = Debug|Any CPU
		{F91745E7-BA1F-4F44-A027-1CB33459F993}.Debug|x86.Build.0 = Debug|Any CPU
		{F91745E7-BA1F-4F44-A027-1CB33459F993}.Release|Any CPU.ActiveCfg = Release|Any CPU
		{F91745E7-BA1F-4F44-A027-1CB33459F993}.Release|Any CPU.Build.0 = Release|Any CPU
		{F91745E7-BA1F-4F44-A027-1CB33459F993}.Release|ARM.ActiveCfg = Release|Any CPU
		{F91745E7-BA1F-4F44-A027-1CB33459F993}.Release|ARM.Build.0 = Release|Any CPU
		{F91745E7-BA1F-4F44-A027-1CB33459F993}.Release|ARM64.ActiveCfg = Release|Any CPU
		{F91745E7-BA1F-4F44-A027-1CB33459F993}.Release|ARM64.Build.0 = Release|Any CPU
		{F91745E7-BA1F-4F44-A027-1CB33459F993}.Release|x64.ActiveCfg = Release|Any CPU
		{F91745E7-BA1F-4F44-A027-1CB33459F993}.Release|x64.Build.0 = Release|Any CPU
		{F91745E7-BA1F-4F44-A027-1CB33459F993}.Release|x86.ActiveCfg = Release|Any CPU
		{F91745E7-BA1F-4F44-A027-1CB33459F993}.Release|x86.Build.0 = Release|Any CPU
		{1CE53222-CD33-4DEB-A336-F6C8B6500482}.Debug|Any CPU.ActiveCfg = Debug|Any CPU
		{1CE53222-CD33-4DEB-A336-F6C8B6500482}.Debug|Any CPU.Build.0 = Debug|Any CPU
		{1CE53222-CD33-4DEB-A336-F6C8B6500482}.Debug|ARM.ActiveCfg = Debug|Any CPU
		{1CE53222-CD33-4DEB-A336-F6C8B6500482}.Debug|ARM.Build.0 = Debug|Any CPU
		{1CE53222-CD33-4DEB-A336-F6C8B6500482}.Debug|ARM64.ActiveCfg = Debug|Any CPU
		{1CE53222-CD33-4DEB-A336-F6C8B6500482}.Debug|ARM64.Build.0 = Debug|Any CPU
		{1CE53222-CD33-4DEB-A336-F6C8B6500482}.Debug|x64.ActiveCfg = Debug|Any CPU
		{1CE53222-CD33-4DEB-A336-F6C8B6500482}.Debug|x64.Build.0 = Debug|Any CPU
		{1CE53222-CD33-4DEB-A336-F6C8B6500482}.Debug|x86.ActiveCfg = Debug|Any CPU
		{1CE53222-CD33-4DEB-A336-F6C8B6500482}.Debug|x86.Build.0 = Debug|Any CPU
		{1CE53222-CD33-4DEB-A336-F6C8B6500482}.Release|Any CPU.ActiveCfg = Release|Any CPU
		{1CE53222-CD33-4DEB-A336-F6C8B6500482}.Release|Any CPU.Build.0 = Release|Any CPU
		{1CE53222-CD33-4DEB-A336-F6C8B6500482}.Release|ARM.ActiveCfg = Release|Any CPU
		{1CE53222-CD33-4DEB-A336-F6C8B6500482}.Release|ARM.Build.0 = Release|Any CPU
		{1CE53222-CD33-4DEB-A336-F6C8B6500482}.Release|ARM64.ActiveCfg = Release|Any CPU
		{1CE53222-CD33-4DEB-A336-F6C8B6500482}.Release|ARM64.Build.0 = Release|Any CPU
		{1CE53222-CD33-4DEB-A336-F6C8B6500482}.Release|x64.ActiveCfg = Release|Any CPU
		{1CE53222-CD33-4DEB-A336-F6C8B6500482}.Release|x64.Build.0 = Release|Any CPU
		{1CE53222-CD33-4DEB-A336-F6C8B6500482}.Release|x86.ActiveCfg = Release|Any CPU
		{1CE53222-CD33-4DEB-A336-F6C8B6500482}.Release|x86.Build.0 = Release|Any CPU
		{5F995D21-F8E6-430B-8738-CC4E2AF8577E}.Debug|Any CPU.ActiveCfg = Debug|x64
		{5F995D21-F8E6-430B-8738-CC4E2AF8577E}.Debug|Any CPU.Build.0 = Debug|x64
		{5F995D21-F8E6-430B-8738-CC4E2AF8577E}.Debug|Any CPU.Deploy.0 = Debug|x64
		{5F995D21-F8E6-430B-8738-CC4E2AF8577E}.Debug|ARM.ActiveCfg = Debug|x64
		{5F995D21-F8E6-430B-8738-CC4E2AF8577E}.Debug|ARM.Build.0 = Debug|x64
		{5F995D21-F8E6-430B-8738-CC4E2AF8577E}.Debug|ARM64.ActiveCfg = Debug|ARM64
		{5F995D21-F8E6-430B-8738-CC4E2AF8577E}.Debug|ARM64.Build.0 = Debug|ARM64
		{5F995D21-F8E6-430B-8738-CC4E2AF8577E}.Debug|ARM64.Deploy.0 = Debug|ARM64
		{5F995D21-F8E6-430B-8738-CC4E2AF8577E}.Debug|x64.ActiveCfg = Debug|x64
		{5F995D21-F8E6-430B-8738-CC4E2AF8577E}.Debug|x64.Build.0 = Debug|x64
		{5F995D21-F8E6-430B-8738-CC4E2AF8577E}.Debug|x64.Deploy.0 = Debug|x64
		{5F995D21-F8E6-430B-8738-CC4E2AF8577E}.Debug|x86.ActiveCfg = Debug|x86
		{5F995D21-F8E6-430B-8738-CC4E2AF8577E}.Debug|x86.Build.0 = Debug|x86
		{5F995D21-F8E6-430B-8738-CC4E2AF8577E}.Debug|x86.Deploy.0 = Debug|x86
		{5F995D21-F8E6-430B-8738-CC4E2AF8577E}.Release|Any CPU.ActiveCfg = Release|x64
		{5F995D21-F8E6-430B-8738-CC4E2AF8577E}.Release|Any CPU.Build.0 = Release|x64
		{5F995D21-F8E6-430B-8738-CC4E2AF8577E}.Release|Any CPU.Deploy.0 = Release|x64
		{5F995D21-F8E6-430B-8738-CC4E2AF8577E}.Release|ARM.ActiveCfg = Release|x64
		{5F995D21-F8E6-430B-8738-CC4E2AF8577E}.Release|ARM.Build.0 = Release|x64
		{5F995D21-F8E6-430B-8738-CC4E2AF8577E}.Release|ARM64.ActiveCfg = Release|ARM64
		{5F995D21-F8E6-430B-8738-CC4E2AF8577E}.Release|ARM64.Build.0 = Release|ARM64
		{5F995D21-F8E6-430B-8738-CC4E2AF8577E}.Release|ARM64.Deploy.0 = Release|ARM64
		{5F995D21-F8E6-430B-8738-CC4E2AF8577E}.Release|x64.ActiveCfg = Release|x64
		{5F995D21-F8E6-430B-8738-CC4E2AF8577E}.Release|x64.Build.0 = Release|x64
		{5F995D21-F8E6-430B-8738-CC4E2AF8577E}.Release|x64.Deploy.0 = Release|x64
		{5F995D21-F8E6-430B-8738-CC4E2AF8577E}.Release|x86.ActiveCfg = Release|x86
		{5F995D21-F8E6-430B-8738-CC4E2AF8577E}.Release|x86.Build.0 = Release|x86
		{5F995D21-F8E6-430B-8738-CC4E2AF8577E}.Release|x86.Deploy.0 = Release|x86
		{71E6D4B8-27B6-49FB-B2D5-3AE682E69ECC}.Debug|Any CPU.ActiveCfg = Debug|x64
		{71E6D4B8-27B6-49FB-B2D5-3AE682E69ECC}.Debug|Any CPU.Build.0 = Debug|x64
		{71E6D4B8-27B6-49FB-B2D5-3AE682E69ECC}.Debug|Any CPU.Deploy.0 = Debug|x64
		{71E6D4B8-27B6-49FB-B2D5-3AE682E69ECC}.Debug|ARM.ActiveCfg = Debug|ARM
		{71E6D4B8-27B6-49FB-B2D5-3AE682E69ECC}.Debug|ARM.Build.0 = Debug|ARM
		{71E6D4B8-27B6-49FB-B2D5-3AE682E69ECC}.Debug|ARM.Deploy.0 = Debug|ARM
		{71E6D4B8-27B6-49FB-B2D5-3AE682E69ECC}.Debug|ARM64.ActiveCfg = Debug|ARM64
		{71E6D4B8-27B6-49FB-B2D5-3AE682E69ECC}.Debug|ARM64.Build.0 = Debug|ARM64
		{71E6D4B8-27B6-49FB-B2D5-3AE682E69ECC}.Debug|ARM64.Deploy.0 = Debug|ARM64
		{71E6D4B8-27B6-49FB-B2D5-3AE682E69ECC}.Debug|x64.ActiveCfg = Debug|x64
		{71E6D4B8-27B6-49FB-B2D5-3AE682E69ECC}.Debug|x64.Build.0 = Debug|x64
		{71E6D4B8-27B6-49FB-B2D5-3AE682E69ECC}.Debug|x64.Deploy.0 = Debug|x64
		{71E6D4B8-27B6-49FB-B2D5-3AE682E69ECC}.Debug|x86.ActiveCfg = Debug|x86
		{71E6D4B8-27B6-49FB-B2D5-3AE682E69ECC}.Debug|x86.Build.0 = Debug|x86
		{71E6D4B8-27B6-49FB-B2D5-3AE682E69ECC}.Debug|x86.Deploy.0 = Debug|x86
		{71E6D4B8-27B6-49FB-B2D5-3AE682E69ECC}.Release|Any CPU.ActiveCfg = Release|Any CPU
		{71E6D4B8-27B6-49FB-B2D5-3AE682E69ECC}.Release|Any CPU.Build.0 = Release|Any CPU
		{71E6D4B8-27B6-49FB-B2D5-3AE682E69ECC}.Release|Any CPU.Deploy.0 = Release|Any CPU
		{71E6D4B8-27B6-49FB-B2D5-3AE682E69ECC}.Release|ARM.ActiveCfg = Release|ARM
		{71E6D4B8-27B6-49FB-B2D5-3AE682E69ECC}.Release|ARM.Build.0 = Release|ARM
		{71E6D4B8-27B6-49FB-B2D5-3AE682E69ECC}.Release|ARM.Deploy.0 = Release|ARM
		{71E6D4B8-27B6-49FB-B2D5-3AE682E69ECC}.Release|ARM64.ActiveCfg = Release|ARM64
		{71E6D4B8-27B6-49FB-B2D5-3AE682E69ECC}.Release|ARM64.Build.0 = Release|ARM64
		{71E6D4B8-27B6-49FB-B2D5-3AE682E69ECC}.Release|ARM64.Deploy.0 = Release|ARM64
		{71E6D4B8-27B6-49FB-B2D5-3AE682E69ECC}.Release|x64.ActiveCfg = Release|x64
		{71E6D4B8-27B6-49FB-B2D5-3AE682E69ECC}.Release|x64.Build.0 = Release|x64
		{71E6D4B8-27B6-49FB-B2D5-3AE682E69ECC}.Release|x64.Deploy.0 = Release|x64
		{71E6D4B8-27B6-49FB-B2D5-3AE682E69ECC}.Release|x86.ActiveCfg = Release|x86
		{71E6D4B8-27B6-49FB-B2D5-3AE682E69ECC}.Release|x86.Build.0 = Release|x86
		{71E6D4B8-27B6-49FB-B2D5-3AE682E69ECC}.Release|x86.Deploy.0 = Release|x86
	EndGlobalSection
	GlobalSection(SolutionProperties) = preSolution
		HideSolutionNode = FALSE
	EndGlobalSection
	GlobalSection(NestedProjects) = preSolution
		{65F1A0E6-1B69-4367-8C59-D57D8A954D1B} = {430C221E-E510-454E-AF12-CA1F3B6F6620}
		{4918B41A-8223-44CA-AFF5-112AA3D8E431} = {3BC0BD47-45D5-4E53-977B-81FF8F316916}
		{F91745E7-BA1F-4F44-A027-1CB33459F993} = {3BC0BD47-45D5-4E53-977B-81FF8F316916}
		{1CE53222-CD33-4DEB-A336-F6C8B6500482} = {3BC0BD47-45D5-4E53-977B-81FF8F316916}
		{5F995D21-F8E6-430B-8738-CC4E2AF8577E} = {B1E9751C-A6A2-48B4-A5F1-6327F08D6D67}
		{71E6D4B8-27B6-49FB-B2D5-3AE682E69ECC} = {B1E9751C-A6A2-48B4-A5F1-6327F08D6D67}
	EndGlobalSection
EndGlobal
